
Microsoft Visual Studio Solution File, Format Version 12.00
# Visual Studio Version 17
VisualStudioVersion = 17.9.34616.47
MinimumVisualStudioVersion = 10.0.40219.1
Project("{54A90642-561A-4BB1-A94E-469ADEE60C69}") = "fronterpfepon", "FrontERPFEPON\fronterpfepon.esproj", "{42E10B85-1B27-45C3-BEC4-A850E03F13B3}"
EndProject
Project("{9A19103F-16F7-4668-BE54-9A1E7A4F7556}") = "backendfepon", "backendfepon\backendfepon.csproj", "{62981984-A2FF-4298-BB20-045AF41ADAE0}"
EndProject
Project("{9A19103F-16F7-4668-BE54-9A1E7A4F7556}") = "UnitTestTIC", "UnitTestTIC\UnitTestTIC.csproj", "{646199B0-C1CC-4080-AE9E-0A2421DC766E}"
EndProject
Project("{2150E333-8FDC-42A3-9474-1A3956D46DE8}") = "Solution Items", "Solution Items", "{CC5CDAB7-6D59-4555-986C-02DC199D85C2}"
	ProjectSection(SolutionItems) = preProject
		.editorconfig = .editorconfig
	EndProjectSection
EndProject
Global
	GlobalSection(SolutionConfigurationPlatforms) = preSolution
		Debug|Any CPU = Debug|Any CPU
		Release|Any CPU = Release|Any CPU
	EndGlobalSection
	GlobalSection(ProjectConfigurationPlatforms) = postSolution
		{42E10B85-1B27-45C3-BEC4-A850E03F13B3}.Debug|Any CPU.ActiveCfg = Debug|Any CPU
		{42E10B85-1B27-45C3-BEC4-A850E03F13B3}.Debug|Any CPU.Build.0 = Debug|Any CPU
		{42E10B85-1B27-45C3-BEC4-A850E03F13B3}.Debug|Any CPU.Deploy.0 = Debug|Any CPU
		{42E10B85-1B27-45C3-BEC4-A850E03F13B3}.Release|Any CPU.ActiveCfg = Release|Any CPU
		{42E10B85-1B27-45C3-BEC4-A850E03F13B3}.Release|Any CPU.Build.0 = Release|Any CPU
		{42E10B85-1B27-45C3-BEC4-A850E03F13B3}.Release|Any CPU.Deploy.0 = Release|Any CPU
		{62981984-A2FF-4298-BB20-045AF41ADAE0}.Debug|Any CPU.ActiveCfg = Debug|Any CPU
		{62981984-A2FF-4298-BB20-045AF41ADAE0}.Debug|Any CPU.Build.0 = Debug|Any CPU
		{62981984-A2FF-4298-BB20-045AF41ADAE0}.Release|Any CPU.ActiveCfg = Release|Any CPU
		{62981984-A2FF-4298-BB20-045AF41ADAE0}.Release|Any CPU.Build.0 = Release|Any CPU
		{646199B0-C1CC-4080-AE9E-0A2421DC766E}.Debug|Any CPU.ActiveCfg = Debug|Any CPU
		{646199B0-C1CC-4080-AE9E-0A2421DC766E}.Debug|Any CPU.Build.0 = Debug|Any CPU
		{646199B0-C1CC-4080-AE9E-0A2421DC766E}.Release|Any CPU.ActiveCfg = Release|Any CPU
		{646199B0-C1CC-4080-AE9E-0A2421DC766E}.Release|Any CPU.Build.0 = Release|Any CPU
	EndGlobalSection
	GlobalSection(SolutionProperties) = preSolution
		HideSolutionNode = FALSE
	EndGlobalSection
	GlobalSection(ExtensibilityGlobals) = postSolution
		SolutionGuid = {AD6FF4C2-A68E-49C9-A50B-FCA69A792E14}
	EndGlobalSection
EndGlobal
